
Microsoft Visual Studio Solution File, Format Version 12.00
# Visual Studio Version 17
VisualStudioVersion = 17.7.34003.232
MinimumVisualStudioVersion = 10.0.40219.1
Project("{FAE04EC0-301F-11D3-BF4B-00C04F79EFBC}") = "Talo Wpf", "Talo Wpf\Talo Wpf.csproj", "{2843DACA-EE2E-4357-908D-1C83949696D9}"
EndProject
Global
	GlobalSection(SolutionConfigurationPlatforms) = preSolution
		Debug|Any CPU = Debug|Any CPU
		Release|Any CPU = Release|Any CPU
	EndGlobalSection
	GlobalSection(ProjectConfigurationPlatforms) = postSolution
		{2843DACA-EE2E-4357-908D-1C83949696D9}.Debug|Any CPU.ActiveCfg = Debug|Any CPU
		{2843DACA-EE2E-4357-908D-1C83949696D9}.Debug|Any CPU.Build.0 = Debug|Any CPU
		{2843DACA-EE2E-4357-908D-1C83949696D9}.Release|Any CPU.ActiveCfg = Release|Any CPU
		{2843DACA-EE2E-4357-908D-1C83949696D9}.Release|Any CPU.Build.0 = Release|Any CPU
	EndGlobalSection
	GlobalSection(SolutionProperties) = preSolution
		HideSolutionNode = FALSE
	EndGlobalSection
	GlobalSection(ExtensibilityGlobals) = postSolution
		SolutionGuid = {E7C32361-A600-4240-85AF-98A66EA6F101}
	EndGlobalSection
EndGlobal
